<?xml version="1.0" encoding="utf-8"?>
<Project ToolsVersion="4.0" xmlns="http://schemas.microsoft.com/developer/msbuild/2003">
  <ItemGroup>
    <Filter Include="Source Files">
      <UniqueIdentifier>{a9ce1b19-4407-4376-9453-e07917bf95ab}</UniqueIdentifier>
      <Extensions>cpp;c;cxx;rc;def;r;odl;idl;hpj;bat</Extensions>
    </Filter>
    <Filter Include="Header Files">
      <UniqueIdentifier>{1abdf98a-8540-47a0-a143-fc88ff0e959d}</UniqueIdentifier>
      <Extensions>h;hpp;hxx;hm;inl</Extensions>
    </Filter>
    <Filter Include="Resource Files">
      <UniqueIdentifier>{d0743a5f-7994-4a80-b1c2-a6b82e51d0a3}</UniqueIdentifier>
      <Extensions>ico;cur;bmp;dlg;rc2;rct;bin;rgs;gif;jpg;jpeg;jpe</Extensions>
    </Filter>
    <Filter Include="Header Files\usb-pad">
      <UniqueIdentifier>{b9cb0660-d5ee-42be-9934-c330c8883f27}</UniqueIdentifier>
    </Filter>
  </ItemGroup>
  <ItemGroup>
    <ClCompile Include="Win32\Config.cpp">
      <Filter>Source Files</Filter>
    </ClCompile>
    <ClCompile Include="qemu-usb\usb-base.cpp">
      <Filter>Source Files</Filter>
    </ClCompile>
    <ClCompile Include="qemu-usb\usb-kbd.cpp">
      <Filter>Source Files</Filter>
    </ClCompile>
    <ClCompile Include="qemu-usb\usb-ohci.cpp">
      <Filter>Source Files</Filter>
    </ClCompile>
    <ClCompile Include="USB.cpp">
      <Filter>Source Files</Filter>
    </ClCompile>
    <ClCompile Include="qemu-usb\vl.cpp">
      <Filter>Source Files</Filter>
    </ClCompile>
    <ClCompile Include="Win32\Win32.cpp">
      <Filter>Source Files</Filter>
    </ClCompile>
    <ClCompile Include="usb-pad\usb-pad.cpp">
      <Filter>Source Files</Filter>
    </ClCompile>
    <ClCompile Include="usb-pad\bitjuggling.cpp">
      <Filter>Source Files</Filter>
    </ClCompile>
    <ClCompile Include="usb-pad\usb-pad-win32.cpp">
      <Filter>Source Files</Filter>
    </ClCompile>
  </ItemGroup>
  <ItemGroup>
    <ResourceCompile Include="Win32\USBlinuz.rc">
      <Filter>Source Files</Filter>
    </ResourceCompile>
  </ItemGroup>
  <ItemGroup>
    <ClInclude Include="usb-mic\adcuser.h">
      <Filter>Header Files</Filter>
    </ClInclude>
    <ClInclude Include="usb-mic\audio.h">
      <Filter>Header Files</Filter>
    </ClInclude>
    <ClInclude Include="usb-mic\demo.h">
      <Filter>Header Files</Filter>
    </ClInclude>
    <ClInclude Include="PS2Edefs.h">
      <Filter>Header Files</Filter>
    </ClInclude>
    <ClInclude Include="PS2Etypes.h">
      <Filter>Header Files</Filter>
    </ClInclude>
    <ClInclude Include="Win32\resource.h">
      <Filter>Header Files</Filter>
    </ClInclude>
    <ClInclude Include="usb-mic\type.h">
      <Filter>Header Files</Filter>
    </ClInclude>
    <ClInclude Include="qemu-usb\usb.h">
      <Filter>Header Files</Filter>
    </ClInclude>
    <ClInclude Include="usb-mic\usb.h">
      <Filter>Header Files</Filter>
    </ClInclude>
    <ClInclude Include="USB.h">
      <Filter>Header Files</Filter>
    </ClInclude>
    <ClInclude Include="usb-mic\usbcfg.h">
      <Filter>Header Files</Filter>
    </ClInclude>
    <ClInclude Include="usb-mic\usbcore.h">
      <Filter>Header Files</Filter>
    </ClInclude>
    <ClInclude Include="usb-mic\usbdesc.h">
      <Filter>Header Files</Filter>
    </ClInclude>
    <ClInclude Include="usb-mic\usbhw.h">
      <Filter>Header Files</Filter>
    </ClInclude>
    <ClInclude Include="usb-mic\usbreg.h">
      <Filter>Header Files</Filter>
    </ClInclude>
    <ClInclude Include="usb-mic\usbuser.h">
      <Filter>Header Files</Filter>
    </ClInclude>
    <ClInclude Include="qemu-usb\vl.h">
      <Filter>Header Files</Filter>
    </ClInclude>
    <ClInclude Include="usb-pad\config.h">
      <Filter>Header Files\usb-pad</Filter>
    </ClInclude>
    <ClInclude Include="usb-pad\usb-pad.h">
      <Filter>Header Files\usb-pad</Filter>
    </ClInclude>
  </ItemGroup>
  <ItemGroup>
    <CustomBuild Include="Win32\USBlinuz.def">
      <Filter>Source Files</Filter>
    </CustomBuild>
  </ItemGroup>
</Project>